
Microsoft Visual Studio Solution File, Format Version 12.00
# Visual Studio Version 17
VisualStudioVersion = 17.9.34902.65
MinimumVisualStudioVersion = 10.0.40219.1
Project("{FAE04EC0-301F-11D3-BF4B-00C04F79EFBC}") = "Smirnov_AP_kt-42-21", "Smirnov_AP_kt-42-21\Smirnov_AP_kt-42-21.csproj", "{FFB2A60E-F378-4EE5-95D7-C73BF6B6CA1D}"
EndProject
Project("{FAE04EC0-301F-11D3-BF4B-00C04F79EFBC}") = "SmirnovKr-42-21.Tests", "SmirnovKr-42-21.Tests\SmirnovKr-42-21.Tests.csproj", "{3823FD4F-ACE2-4387-9E30-D56425A070BB}"
EndProject
Global
	GlobalSection(SolutionConfigurationPlatforms) = preSolution
		Debug|Any CPU = Debug|Any CPU
		Release|Any CPU = Release|Any CPU
	EndGlobalSection
	GlobalSection(ProjectConfigurationPlatforms) = postSolution
		{FFB2A60E-F378-4EE5-95D7-C73BF6B6CA1D}.Debug|Any CPU.ActiveCfg = Debug|Any CPU
		{FFB2A60E-F378-4EE5-95D7-C73BF6B6CA1D}.Debug|Any CPU.Build.0 = Debug|Any CPU
		{FFB2A60E-F378-4EE5-95D7-C73BF6B6CA1D}.Release|Any CPU.ActiveCfg = Release|Any CPU
		{FFB2A60E-F378-4EE5-95D7-C73BF6B6CA1D}.Release|Any CPU.Build.0 = Release|Any CPU
		{3823FD4F-ACE2-4387-9E30-D56425A070BB}.Debug|Any CPU.ActiveCfg = Debug|Any CPU
		{3823FD4F-ACE2-4387-9E30-D56425A070BB}.Debug|Any CPU.Build.0 = Debug|Any CPU
		{3823FD4F-ACE2-4387-9E30-D56425A070BB}.Release|Any CPU.ActiveCfg = Release|Any CPU
		{3823FD4F-ACE2-4387-9E30-D56425A070BB}.Release|Any CPU.Build.0 = Release|Any CPU
	EndGlobalSection
	GlobalSection(SolutionProperties) = preSolution
		HideSolutionNode = FALSE
	EndGlobalSection
	GlobalSection(ExtensibilityGlobals) = postSolution
		SolutionGuid = {E612B24F-6931-4CC3-876C-7F18F38FD170}
	EndGlobalSection
EndGlobal
